PODS:
  - DKImagePickerController/Core (4.3.3):
    - DKImagePickerController/ImageDataManager
    - DKImagePickerController/Resource
  - DKImagePickerController/ImageDataManager (4.3.3)
  - DKImagePickerController/PhotoGallery (4.3.3):
    - DKImagePickerController/Core
    - DKPhotoGallery
  - DKImagePickerController/Resource (4.3.3)
  - DKPhotoGallery (0.0.17):
    - DKPhotoGallery/Core (= 0.0.17)
    - DKPhotoGallery/Model (= 0.0.17)
    - DKPhotoGallery/Preview (= 0.0.17)
    - DKPhotoGallery/Resource (= 0.0.17)
    - SDWebImage
    - SwiftyGif
  - DKPhotoGallery/Core (0.0.17):
    - DKPhotoGallery/Model
    - DKPhotoGallery/Preview
    - SDWebImage
    - SwiftyGif
  - DKPhotoGallery/Model (0.0.17):
    - SDWebImage
    - SwiftyGif
  - DKPhotoGallery/Preview (0.0.17):
    - DKPhotoGallery/Model
    - DKPhotoGallery/Resource
    - SDWebImage
    - SwiftyGif
  - DKPhotoGallery/Resource (0.0.17):
    - SDWebImage
    - SwiftyGif
  - emoji_picker_flutter (0.0.1):
    - Flutter
  - file_picker (0.0.1):
    - DKImagePickerController/PhotoGallery
    - Flutter
  - Firebase/CoreOnly (8.10.0):
    - FirebaseCore (= 8.10.0)
  - Firebase/Messaging (8.10.0):
    - Firebase/CoreOnly
    - FirebaseMessaging (~> 8.10.0)
  - Firebase/Storage (8.10.0):
    - Firebase/CoreOnly
    - FirebaseStorage (~> 8.10.0)
  - firebase_core (1.11.0):
    - Firebase/CoreOnly (= 8.10.0)
    - Flutter
  - firebase_messaging (11.2.5):
    - Firebase/Messaging (= 8.10.0)
    - firebase_core
    - Flutter
  - firebase_storage (10.2.7):
    - Firebase/Storage (= 8.10.0)
    - firebase_core
    - Flutter
  - FirebaseCore (8.10.0):
    - FirebaseCoreDiagnostics (~> 8.0)
    - GoogleUtilities/Environment (~> 7.6)
    - GoogleUtilities/Logger (~> 7.6)
  - FirebaseCoreDiagnostics (8.15.0):
    - GoogleDataTransport (~> 9.1)
    - GoogleUtilities/Environment (~> 7.7)
    - GoogleUtilities/Logger (~> 7.7)
    - nanopb (~> 2.30908.0)
  - FirebaseInstallations (8.15.0):
    - FirebaseCore (~> 8.0)
    - GoogleUtilities/Environment (~> 7.7)
    - GoogleUtilities/UserDefaults (~> 7.7)
    - PromisesObjC (< 3.0, >= 1.2)
  - FirebaseMessaging (8.10.0):
    - FirebaseCore (~> 8.0)
    - FirebaseInstallations (~> 8.0)
    - GoogleDataTransport (~> 9.1)
    - GoogleUtilities/AppDelegateSwizzler (~> 7.6)
    - GoogleUtilities/Environment (~> 7.6)
    - GoogleUtilities/Reachability (~> 7.6)
    - GoogleUtilities/UserDefaults (~> 7.6)
    - nanopb (~> 2.30908.0)
  - FirebaseStorage (8.10.0):
    - FirebaseCore (~> 8.0)
    - GTMSessionFetcher/Core (~> 1.5)
  - Flutter (1.0.0)
  - flutter_local_notifications (0.0.1):
    - Flutter
  - flutter_native_contact_picker (0.0.1):
    - Flutter
  - fluttertoast (0.0.2):
    - Flutter
    - Toast
  - GoogleDataTransport (9.1.2):
    - GoogleUtilities/Environment (~> 7.2)
    - nanopb (~> 2.30908.0)
    - PromisesObjC (< 3.0, >= 1.2)
  - GoogleUtilities/AppDelegateSwizzler (7.7.0):
    - GoogleUtilities/Environment
    - GoogleUtilities/Logger
    - GoogleUtilities/Network
  - GoogleUtilities/Environment (7.7.0):
    - PromisesObjC (< 3.0, >= 1.2)
  - GoogleUtilities/Logger (7.7.0):
    - GoogleUtilities/Environment
  - GoogleUtilities/Network (7.7.0):
    - GoogleUtilities/Logger
    - "GoogleUtilities/NSData+zlib"
    - GoogleUtilities/Reachability
  - "GoogleUtilities/NSData+zlib (7.7.0)"
  - GoogleUtilities/Reachability (7.7.0):
    - GoogleUtilities/Logger
  - GoogleUtilities/UserDefaults (7.7.0):
    - GoogleUtilities/Logger
  - GTMSessionFetcher/Core (1.7.1)
  - image_cropper (0.0.4):
    - Flutter
    - TOCropViewController (~> 2.6.1)
  - image_picker_ios (0.0.1):
    - Flutter
  - location (0.0.1):
    - Flutter
  - nanopb (2.30908.0):
    - nanopb/decode (= 2.30908.0)
    - nanopb/encode (= 2.30908.0)
  - nanopb/decode (2.30908.0)
  - nanopb/encode (2.30908.0)
  - ObjectBox (1.7.0)
  - objectbox_flutter_libs (0.0.1):
    - Flutter
    - ObjectBox (= 1.7.0)
  - open_file (0.0.1):
    - Flutter
  - package_info_plus (0.4.5):
    - Flutter
  - path_provider_ios (0.0.1):
    - Flutter
  - PromisesObjC (2.1.0)
  - SDWebImage (5.12.5):
    - SDWebImage/Core (= 5.12.5)
  - SDWebImage/Core (5.12.5)
  - shared_preferences_ios (0.0.1):
    - Flutter
  - smart_auth (0.0.1):
    - Flutter
  - SwiftyGif (5.4.3)
  - syncfusion_flutter_pdfviewer (0.0.1):
    - Flutter
  - Toast (4.0.0)
  - TOCropViewController (2.6.1)
  - video_player_avfoundation (0.0.1):
    - Flutter
  - wakelock (0.0.1):
    - Flutter
  - webview_flutter_wkwebview (0.0.1):
    - Flutter

DEPENDENCIES:
  - emoji_picker_flutter (from `.symlinks/plugins/emoji_picker_flutter/ios`)
  - file_picker (from `.symlinks/plugins/file_picker/ios`)
  - firebase_core (from `.symlinks/plugins/firebase_core/ios`)
  - firebase_messaging (from `.symlinks/plugins/firebase_messaging/ios`)
  - firebase_storage (from `.symlinks/plugins/firebase_storage/ios`)
  - Flutter (from `Flutter`)
  - flutter_local_notifications (from `.symlinks/plugins/flutter_local_notifications/ios`)
  - flutter_native_contact_picker (from `.symlinks/plugins/flutter_native_contact_picker/ios`)
  - fluttertoast (from `.symlinks/plugins/fluttertoast/ios`)
  - image_cropper (from `.symlinks/plugins/image_cropper/ios`)
  - image_picker_ios (from `.symlinks/plugins/image_picker_ios/ios`)
  - location (from `.symlinks/plugins/location/ios`)
  - objectbox_flutter_libs (from `.symlinks/plugins/objectbox_flutter_libs/ios`)
  - open_file (from `.symlinks/plugins/open_file/ios`)
  - package_info_plus (from `.symlinks/plugins/package_info_plus/ios`)
  - path_provider_ios (from `.symlinks/plugins/path_provider_ios/ios`)
  - shared_preferences_ios (from `.symlinks/plugins/shared_preferences_ios/ios`)
  - smart_auth (from `.symlinks/plugins/smart_auth/ios`)
  - syncfusion_flutter_pdfviewer (from `.symlinks/plugins/syncfusion_flutter_pdfviewer/ios`)
  - video_player_avfoundation (from `.symlinks/plugins/video_player_avfoundation/ios`)
  - wakelock (from `.symlinks/plugins/wakelock/ios`)
  - webview_flutter_wkwebview (from `.symlinks/plugins/webview_flutter_wkwebview/ios`)

SPEC REPOS:
  trunk:
    - DKImagePickerController
    - DKPhotoGallery
    - Firebase
    - FirebaseCore
    - FirebaseCoreDiagnostics
    - FirebaseInstallations
    - FirebaseMessaging
    - FirebaseStorage
    - GoogleDataTransport
    - GoogleUtilities
    - GTMSessionFetcher
    - nanopb
    - ObjectBox
    - PromisesObjC
    - SDWebImage
    - SwiftyGif
    - Toast
    - TOCropViewController

EXTERNAL SOURCES:
  emoji_picker_flutter:
    :path: ".symlinks/plugins/emoji_picker_flutter/ios"
  file_picker:
    :path: ".symlinks/plugins/file_picker/ios"
  firebase_core:
    :path: ".symlinks/plugins/firebase_core/ios"
  firebase_messaging:
    :path: ".symlinks/plugins/firebase_messaging/ios"
  firebase_storage:
    :path: ".symlinks/plugins/firebase_storage/ios"
  Flutter:
    :path: Flutter
  flutter_local_notifications:
    :path: ".symlinks/plugins/flutter_local_notifications/ios"
  flutter_native_contact_picker:
    :path: ".symlinks/plugins/flutter_native_contact_picker/ios"
  fluttertoast:
    :path: ".symlinks/plugins/fluttertoast/ios"
  image_cropper:
    :path: ".symlinks/plugins/image_cropper/ios"
  image_picker_ios:
    :path: ".symlinks/plugins/image_picker_ios/ios"
  location:
    :path: ".symlinks/plugins/location/ios"
  objectbox_flutter_libs:
    :path: ".symlinks/plugins/objectbox_flutter_libs/ios"
  open_file:
    :path: ".symlinks/plugins/open_file/ios"
  package_info_plus:
    :path: ".symlinks/plugins/package_info_plus/ios"
  path_provider_ios:
    :path: ".symlinks/plugins/path_provider_ios/ios"
  shared_preferences_ios:
    :path: ".symlinks/plugins/shared_preferences_ios/ios"
  smart_auth:
    :path: ".symlinks/plugins/smart_auth/ios"
  syncfusion_flutter_pdfviewer:
    :path: ".symlinks/plugins/syncfusion_flutter_pdfviewer/ios"
  video_player_avfoundation:
    :path: ".symlinks/plugins/video_player_avfoundation/ios"
  wakelock:
    :path: ".symlinks/plugins/wakelock/ios"
  webview_flutter_wkwebview:
    :path: ".symlinks/plugins/webview_flutter_wkwebview/ios"

SPEC CHECKSUMS:
  DKImagePickerController: 72fd378f244cef3d27288e0aebf217a4467e4012
  DKPhotoGallery: fdfad5125a9fdda9cc57df834d49df790dbb4179
  emoji_picker_flutter: df19dac03a2b39ac667dc8d1da939ef3a9e21347
  file_picker: 817ab1d8cd2da9d2da412a417162deee3500fc95
  Firebase: 44213362f1dcc52555b935dc925ed35ac55f1b20
  firebase_core: 2ca2d6cc8a11693e701b37126afae4800be5dbac
  firebase_messaging: c616c3449770c7e9f4db1ceb3fd2612b0b4d9283
  firebase_storage: 84df5ecb14e3263352e1c43360644fbb6b9e5e33
  FirebaseCore: 04186597c095da37d90ff9fd3e53bc61a1ff2440
  FirebaseCoreDiagnostics: 92e07a649aeb66352b319d43bdd2ee3942af84cb
  FirebaseInstallations: 40bd9054049b2eae9a2c38ef1c3dd213df3605cd
  FirebaseMessaging: b0aeba17332ee1ee610662b4d1e02a86db82f08f
  FirebaseStorage: 815410224b548172c578f02554a86bbc8f817f50
  Flutter: 50d75fe2f02b26cc09d224853bb45737f8b3214a
  flutter_local_notifications: 0c0b1ae97e741e1521e4c1629a459d04b9aec743
  flutter_native_contact_picker: bd430ba0fbf82768bb50c2c52a69a65759a8f907
  fluttertoast: 16fbe6039d06a763f3533670197d01fc73459037
  GoogleDataTransport: 629c20a4d363167143f30ea78320d5a7eb8bd940
  GoogleUtilities: e0913149f6b0625b553d70dae12b49fc62914fd1
  GTMSessionFetcher: 4577a4cc914a5a07c40a8a0ad0acc22080418c2d
  image_cropper: 60c2789d1f1a78c873235d4319ca0c34a69f2d98
  image_picker_ios: b786a5dcf033a8336a657191401bfdf12017dabb
  location: 3a2eed4dd2fab25e7b7baf2a9efefe82b512d740
  nanopb: a0ba3315591a9ae0a16a309ee504766e90db0c96
  ObjectBox: 6410cda891ee71682ea1b0330a9544c52b2ba988
  objectbox_flutter_libs: e414a78ffda0a6418a7b41359dda7b7cfc6cd8fe
  open_file: 02eb5cb6b21264bd3a696876f5afbfb7ca4f4b7d
  package_info_plus: 6c92f08e1f853dc01228d6f553146438dafcd14e
  path_provider_ios: 7d7ce634493af4477d156294792024ec3485acd5
  PromisesObjC: 99b6f43f9e1044bd87a95a60beff28c2c44ddb72
  SDWebImage: 0905f1b7760fc8ac4198cae0036600d67478751e
  shared_preferences_ios: 548a61f8053b9b8a49ac19c1ffbc8b92c50d68ad
  smart_auth: 4bedbc118723912d0e45a07e8ab34039c19e04f2
  SwiftyGif: 6c3eafd0ce693cad58bb63d2b2fb9bacb8552780
  syncfusion_flutter_pdfviewer: bb9998884b864cfedf72628df3503bdf57e397c0
  Toast: 91b396c56ee72a5790816f40d3a94dd357abc196
  TOCropViewController: edfd4f25713d56905ad1e0b9f5be3fbe0f59c863
  video_player_avfoundation: e489aac24ef5cf7af82702979ed16f2a5ef84cff
  wakelock: d0fc7c864128eac40eba1617cb5264d9c940b46f
  webview_flutter_wkwebview: b7e70ef1ddded7e69c796c7390ee74180182971f

PODFILE CHECKSUM: f10c0438b63bc24e6bbc207956dc27d16c4408f2

COCOAPODS: 1.11.3
